
Microsoft Visual Studio Solution File, Format Version 12.00
# Visual Studio Version 17
VisualStudioVersion = 17.8.34330.188
MinimumVisualStudioVersion = 15.0.26124.0
Project("{9A19103F-16F7-4668-BE54-9A1E7A4F7556}") = "Svg.Skia", "src\Svg.Skia\Svg.Skia.csproj", "{3E4E8B64-FF8F-4B07-AE82-81E5FC2DDE59}"
EndProject
Project("{2150E333-8FDC-42A3-9474-1A3956D46DE8}") = "src", "src", "{4C42912C-9F8C-43D9-A4B5-4427F7EC8F18}"
EndProject
Project("{2150E333-8FDC-42A3-9474-1A3956D46DE8}") = "build", "build", "{32B4A27D-6FC0-498C-9AD8-5510ACF2C4A1}"
	ProjectSection(SolutionItems) = preProject
		.editorconfig = .editorconfig
		azure-pipelines.yml = azure-pipelines.yml
		build.ps1 = build.ps1
		build.sh = build.sh
		Directory.Build.props = Directory.Build.props
		Directory.Packages.props = Directory.Packages.props
		global.json = global.json
		build\svg.skia.public.snk = build\svg.skia.public.snk
	EndProjectSection
EndProject
Project("{2150E333-8FDC-42A3-9474-1A3956D46DE8}") = "git", "git", "{62AC62E7-F0DB-4D3E-8CC5-DEAE81B4F942}"
	ProjectSection(SolutionItems) = preProject
		.gitattributes = .gitattributes
		.gitignore = .gitignore
		.gitmodules = .gitmodules
	EndProjectSection
EndProject
Project("{2150E333-8FDC-42A3-9474-1A3956D46DE8}") = "nuget", "nuget", "{8B5AC9F1-91D3-4D14-9875-E9A4D2C96BA3}"
	ProjectSection(SolutionItems) = preProject
		NuGet.Config = NuGet.Config
	EndProjectSection
EndProject
Project("{2150E333-8FDC-42A3-9474-1A3956D46DE8}") = "props", "props", "{5BFEF4F8-2BA7-4050-8E5B-F03A072C2B17}"
	ProjectSection(SolutionItems) = preProject
		build\Avalonia.Desktop.props = build\Avalonia.Desktop.props
		build\Avalonia.Diagnostics.props = build\Avalonia.Diagnostics.props
		build\Avalonia.props = build\Avalonia.props
		build\Avalonia.ReactiveUI.props = build\Avalonia.ReactiveUI.props
		build\Avalonia.Skia.props = build\Avalonia.Skia.props
		build\Avalonia.Themes.Fluent.props = build\Avalonia.Themes.Fluent.props
		build\Avalonia.Web.props = build\Avalonia.Web.props
		build\Newtonsoft.Json.props = build\Newtonsoft.Json.props
		build\ReferenceAssemblies.props = build\ReferenceAssemblies.props
		build\SignAssembly.props = build\SignAssembly.props
		build\SixLabors.ImageSharp.props = build\SixLabors.ImageSharp.props
		build\SkiaSharp.Native.props = build\SkiaSharp.Native.props
		build\SkiaSharp.Native.v3.props = build\SkiaSharp.Native.v3.props
		build\SkiaSharp.props = build\SkiaSharp.props
		build\SkiaSharp.v3.props = build\SkiaSharp.v3.props
		build\SourceLink.props = build\SourceLink.props
		build\Svg.props = build\Svg.props
		build\System.CommandLine.props = build\System.CommandLine.props
		build\XUnit.props = build\XUnit.props
	EndProjectSection
EndProject
Project("{9A19103F-16F7-4668-BE54-9A1E7A4F7556}") = "Svg.Controls.Skia.Avalonia", "src\Svg.Controls.Skia.Avalonia\Svg.Controls.Skia.Avalonia.csproj", "{8BAAB509-6073-4D68-9F16-EA28986839B1}"
EndProject
Project("{9A19103F-16F7-4668-BE54-9A1E7A4F7556}") = "Svg.Custom", "src\Svg.Custom\Svg.Custom.csproj", "{CFA46E73-0050-4C57-85CE-6C5868A2483C}"
EndProject
Project("{9A19103F-16F7-4668-BE54-9A1E7A4F7556}") = "Svg.Model", "src\Svg.Model\Svg.Model.csproj", "{4C970B2C-6C96-445B-B80B-4EFBF803FD5F}"
EndProject
Project("{9A19103F-16F7-4668-BE54-9A1E7A4F7556}") = "Svg.CodeGen.Skia", "src\Svg.CodeGen.Skia\Svg.CodeGen.Skia.csproj", "{29F59C87-EAE6-4DD3-8666-B79BFAF6B34D}"
EndProject
Project("{9A19103F-16F7-4668-BE54-9A1E7A4F7556}") = "Skia.Controls.Avalonia", "src\Skia.Controls.Avalonia\Skia.Controls.Avalonia.csproj", "{223B7A5A-E263-4D40-9A6E-FE31EAE92F45}"
EndProject
Project("{2150E333-8FDC-42A3-9474-1A3956D46DE8}") = "externals", "externals", "{C5FFCF4B-86DC-453E-8006-44EE9EEFEE39}"
EndProject
Project("{9A19103F-16F7-4668-BE54-9A1E7A4F7556}") = "ShimSkiaSharp", "src\ShimSkiaSharp\ShimSkiaSharp.csproj", "{6D2786A1-F110-4448-9CBF-D3CC9D803F31}"
EndProject
Project("{2150E333-8FDC-42A3-9474-1A3956D46DE8}") = "github", "github", "{380E7565-C6FF-45C1-A683-E4E1FC744DCC}"
	ProjectSection(SolutionItems) = preProject
		.github\workflows\build.yml = .github\workflows\build.yml
	EndProjectSection
EndProject
Project("{9A19103F-16F7-4668-BE54-9A1E7A4F7556}") = "Svg.SourceGenerator.Skia", "src\Svg.SourceGenerator.Skia\Svg.SourceGenerator.Skia.csproj", "{3049C672-8A3F-4FE4-9973-515B8323B546}"
EndProject
Project("{9A19103F-16F7-4668-BE54-9A1E7A4F7556}") = "Svg.Controls.Avalonia", "src\Svg.Controls.Avalonia\Svg.Controls.Avalonia.csproj", "{B742F260-0EC6-4805-AE9F-987818CE3CF4}"
EndProject
Project("{FAE04EC0-301F-11D3-BF4B-00C04F79EFBC}") = "Svg.Generators", "externals\Svg.Generators\Svg.Generators.csproj", "{A27DF58D-4865-4233-9D1A-476DF155EC8C}"
EndProject
Global
	GlobalSection(SolutionConfigurationPlatforms) = preSolution
		Debug|Any CPU = Debug|Any CPU
		Release|Any CPU = Release|Any CPU
	EndGlobalSection
	GlobalSection(ProjectConfigurationPlatforms) = postSolution
		{3E4E8B64-FF8F-4B07-AE82-81E5FC2DDE59}.Debug|Any CPU.ActiveCfg = Debug|Any CPU
		{3E4E8B64-FF8F-4B07-AE82-81E5FC2DDE59}.Debug|Any CPU.Build.0 = Debug|Any CPU
		{3E4E8B64-FF8F-4B07-AE82-81E5FC2DDE59}.Release|Any CPU.ActiveCfg = Release|Any CPU
		{3E4E8B64-FF8F-4B07-AE82-81E5FC2DDE59}.Release|Any CPU.Build.0 = Release|Any CPU
		{8BAAB509-6073-4D68-9F16-EA28986839B1}.Debug|Any CPU.ActiveCfg = Debug|Any CPU
		{8BAAB509-6073-4D68-9F16-EA28986839B1}.Debug|Any CPU.Build.0 = Debug|Any CPU
		{8BAAB509-6073-4D68-9F16-EA28986839B1}.Release|Any CPU.ActiveCfg = Release|Any CPU
		{8BAAB509-6073-4D68-9F16-EA28986839B1}.Release|Any CPU.Build.0 = Release|Any CPU
		{CFA46E73-0050-4C57-85CE-6C5868A2483C}.Debug|Any CPU.ActiveCfg = Debug|Any CPU
		{CFA46E73-0050-4C57-85CE-6C5868A2483C}.Debug|Any CPU.Build.0 = Debug|Any CPU
		{CFA46E73-0050-4C57-85CE-6C5868A2483C}.Release|Any CPU.ActiveCfg = Release|Any CPU
		{CFA46E73-0050-4C57-85CE-6C5868A2483C}.Release|Any CPU.Build.0 = Release|Any CPU
		{4C970B2C-6C96-445B-B80B-4EFBF803FD5F}.Debug|Any CPU.ActiveCfg = Debug|Any CPU
		{4C970B2C-6C96-445B-B80B-4EFBF803FD5F}.Debug|Any CPU.Build.0 = Debug|Any CPU
		{4C970B2C-6C96-445B-B80B-4EFBF803FD5F}.Release|Any CPU.ActiveCfg = Release|Any CPU
		{4C970B2C-6C96-445B-B80B-4EFBF803FD5F}.Release|Any CPU.Build.0 = Release|Any CPU
		{29F59C87-EAE6-4DD3-8666-B79BFAF6B34D}.Debug|Any CPU.ActiveCfg = Debug|Any CPU
		{29F59C87-EAE6-4DD3-8666-B79BFAF6B34D}.Debug|Any CPU.Build.0 = Debug|Any CPU
		{29F59C87-EAE6-4DD3-8666-B79BFAF6B34D}.Release|Any CPU.ActiveCfg = Release|Any CPU
		{29F59C87-EAE6-4DD3-8666-B79BFAF6B34D}.Release|Any CPU.Build.0 = Release|Any CPU
		{223B7A5A-E263-4D40-9A6E-FE31EAE92F45}.Debug|Any CPU.ActiveCfg = Debug|Any CPU
		{223B7A5A-E263-4D40-9A6E-FE31EAE92F45}.Debug|Any CPU.Build.0 = Debug|Any CPU
		{223B7A5A-E263-4D40-9A6E-FE31EAE92F45}.Release|Any CPU.ActiveCfg = Release|Any CPU
		{223B7A5A-E263-4D40-9A6E-FE31EAE92F45}.Release|Any CPU.Build.0 = Release|Any CPU
		{6D2786A1-F110-4448-9CBF-D3CC9D803F31}.Debug|Any CPU.ActiveCfg = Debug|Any CPU
		{6D2786A1-F110-4448-9CBF-D3CC9D803F31}.Debug|Any CPU.Build.0 = Debug|Any CPU
		{6D2786A1-F110-4448-9CBF-D3CC9D803F31}.Release|Any CPU.ActiveCfg = Release|Any CPU
		{6D2786A1-F110-4448-9CBF-D3CC9D803F31}.Release|Any CPU.Build.0 = Release|Any CPU
		{3049C672-8A3F-4FE4-9973-515B8323B546}.Debug|Any CPU.ActiveCfg = Debug|Any CPU
		{3049C672-8A3F-4FE4-9973-515B8323B546}.Debug|Any CPU.Build.0 = Debug|Any CPU
		{3049C672-8A3F-4FE4-9973-515B8323B546}.Release|Any CPU.ActiveCfg = Release|Any CPU
		{3049C672-8A3F-4FE4-9973-515B8323B546}.Release|Any CPU.Build.0 = Release|Any CPU
		{B742F260-0EC6-4805-AE9F-987818CE3CF4}.Debug|Any CPU.ActiveCfg = Debug|Any CPU
		{B742F260-0EC6-4805-AE9F-987818CE3CF4}.Debug|Any CPU.Build.0 = Debug|Any CPU
		{B742F260-0EC6-4805-AE9F-987818CE3CF4}.Release|Any CPU.ActiveCfg = Release|Any CPU
		{B742F260-0EC6-4805-AE9F-987818CE3CF4}.Release|Any CPU.Build.0 = Release|Any CPU
		{A27DF58D-4865-4233-9D1A-476DF155EC8C}.Debug|Any CPU.ActiveCfg = Debug|Any CPU
		{A27DF58D-4865-4233-9D1A-476DF155EC8C}.Debug|Any CPU.Build.0 = Debug|Any CPU
		{A27DF58D-4865-4233-9D1A-476DF155EC8C}.Release|Any CPU.ActiveCfg = Release|Any CPU
		{A27DF58D-4865-4233-9D1A-476DF155EC8C}.Release|Any CPU.Build.0 = Release|Any CPU
	EndGlobalSection
	GlobalSection(SolutionProperties) = preSolution
		HideSolutionNode = FALSE
	EndGlobalSection
	GlobalSection(NestedProjects) = preSolution
		{3E4E8B64-FF8F-4B07-AE82-81E5FC2DDE59} = {4C42912C-9F8C-43D9-A4B5-4427F7EC8F18}
		{62AC62E7-F0DB-4D3E-8CC5-DEAE81B4F942} = {32B4A27D-6FC0-498C-9AD8-5510ACF2C4A1}
		{8B5AC9F1-91D3-4D14-9875-E9A4D2C96BA3} = {32B4A27D-6FC0-498C-9AD8-5510ACF2C4A1}
		{5BFEF4F8-2BA7-4050-8E5B-F03A072C2B17} = {32B4A27D-6FC0-498C-9AD8-5510ACF2C4A1}
		{8BAAB509-6073-4D68-9F16-EA28986839B1} = {4C42912C-9F8C-43D9-A4B5-4427F7EC8F18}
		{CFA46E73-0050-4C57-85CE-6C5868A2483C} = {C5FFCF4B-86DC-453E-8006-44EE9EEFEE39}
		{4C970B2C-6C96-445B-B80B-4EFBF803FD5F} = {4C42912C-9F8C-43D9-A4B5-4427F7EC8F18}
		{29F59C87-EAE6-4DD3-8666-B79BFAF6B34D} = {4C42912C-9F8C-43D9-A4B5-4427F7EC8F18}
		{223B7A5A-E263-4D40-9A6E-FE31EAE92F45} = {4C42912C-9F8C-43D9-A4B5-4427F7EC8F18}
		{6D2786A1-F110-4448-9CBF-D3CC9D803F31} = {4C42912C-9F8C-43D9-A4B5-4427F7EC8F18}
		{380E7565-C6FF-45C1-A683-E4E1FC744DCC} = {32B4A27D-6FC0-498C-9AD8-5510ACF2C4A1}
		{3049C672-8A3F-4FE4-9973-515B8323B546} = {4C42912C-9F8C-43D9-A4B5-4427F7EC8F18}
		{B742F260-0EC6-4805-AE9F-987818CE3CF4} = {4C42912C-9F8C-43D9-A4B5-4427F7EC8F18}
		{A27DF58D-4865-4233-9D1A-476DF155EC8C} = {C5FFCF4B-86DC-453E-8006-44EE9EEFEE39}
	EndGlobalSection
	GlobalSection(ExtensibilityGlobals) = postSolution
		SolutionGuid = {12D5E557-A27B-4FB2-83A3-4AC75B04B22C}
	EndGlobalSection
EndGlobal
